
Microsoft Visual Studio Solution File, Format Version 12.00
# Visual Studio Version 16
VisualStudioVersion = 16.0.28803.352
MinimumVisualStudioVersion = 10.0.40219.1
Project("{FAE04EC0-301F-11D3-BF4B-00C04F79EFBC}") = "ShopASP", "ShopASP\ShopASP.csproj", "{B284C762-9C02-464D-848E-B1FA302146CD}"
EndProject
Global
	GlobalSection(SolutionConfigurationPlatforms) = preSolution
		Debug|Any CPU = Debug|Any CPU
		Release|Any CPU = Release|Any CPU
	EndGlobalSection
	GlobalSection(ProjectConfigurationPlatforms) = postSolution
		{B284C762-9C02-464D-848E-B1FA302146CD}.Debug|Any CPU.ActiveCfg = Debug|Any CPU
		{B284C762-9C02-464D-848E-B1FA302146CD}.Debug|Any CPU.Build.0 = Debug|Any CPU
		{B284C762-9C02-464D-848E-B1FA302146CD}.Release|Any CPU.ActiveCfg = Release|Any CPU
		{B284C762-9C02-464D-848E-B1FA302146CD}.Release|Any CPU.Build.0 = Release|Any CPU
	EndGlobalSection
	GlobalSection(SolutionProperties) = preSolution
		HideSolutionNode = FALSE
	EndGlobalSection
	GlobalSection(ExtensibilityGlobals) = postSolution
		SolutionGuid = {B42D8737-E86A-4056-862B-BE74B8648C55}
	EndGlobalSection
EndGlobal
